
Microsoft Visual Studio Solution File, Format Version 12.00
# Visual Studio Version 17
VisualStudioVersion = 17.0.31912.275
MinimumVisualStudioVersion = 10.0.40219.1
Project("{FAE04EC0-301F-11D3-BF4B-00C04F79EFBC}") = "TrailorCalculator", "TrailorCalculator\TrailorCalculator.csproj", "{AB1D68A6-2D17-456C-BE9D-531789C10239}"
EndProject
Project("{FAE04EC0-301F-11D3-BF4B-00C04F79EFBC}") = "TrailorCalculatorLibrary", "TrailorCalculatorLibrary\TrailorCalculatorLibrary.csproj", "{3A2FBB51-A8F1-487E-93B1-15BB4CC65249}"
EndProject
Project("{FAE04EC0-301F-11D3-BF4B-00C04F79EFBC}") = "TrailerCalculatorTest", "TrailerCalculatorTest\TrailerCalculatorTest.csproj", "{A7963701-ADD9-452E-A221-9D7BA516B3C4}"
EndProject
Global
	GlobalSection(SolutionConfigurationPlatforms) = preSolution
		Debug|Any CPU = Debug|Any CPU
		Release|Any CPU = Release|Any CPU
	EndGlobalSection
	GlobalSection(ProjectConfigurationPlatforms) = postSolution
		{AB1D68A6-2D17-456C-BE9D-531789C10239}.Debug|Any CPU.ActiveCfg = Debug|Any CPU
		{AB1D68A6-2D17-456C-BE9D-531789C10239}.Debug|Any CPU.Build.0 = Debug|Any CPU
		{AB1D68A6-2D17-456C-BE9D-531789C10239}.Release|Any CPU.ActiveCfg = Release|Any CPU
		{AB1D68A6-2D17-456C-BE9D-531789C10239}.Release|Any CPU.Build.0 = Release|Any CPU
		{3A2FBB51-A8F1-487E-93B1-15BB4CC65249}.Debug|Any CPU.ActiveCfg = Debug|Any CPU
		{3A2FBB51-A8F1-487E-93B1-15BB4CC65249}.Debug|Any CPU.Build.0 = Debug|Any CPU
		{3A2FBB51-A8F1-487E-93B1-15BB4CC65249}.Release|Any CPU.ActiveCfg = Release|Any CPU
		{3A2FBB51-A8F1-487E-93B1-15BB4CC65249}.Release|Any CPU.Build.0 = Release|Any CPU
		{A7963701-ADD9-452E-A221-9D7BA516B3C4}.Debug|Any CPU.ActiveCfg = Debug|Any CPU
		{A7963701-ADD9-452E-A221-9D7BA516B3C4}.Debug|Any CPU.Build.0 = Debug|Any CPU
		{A7963701-ADD9-452E-A221-9D7BA516B3C4}.Release|Any CPU.ActiveCfg = Release|Any CPU
		{A7963701-ADD9-452E-A221-9D7BA516B3C4}.Release|Any CPU.Build.0 = Release|Any CPU
	EndGlobalSection
	GlobalSection(SolutionProperties) = preSolution
		HideSolutionNode = FALSE
	EndGlobalSection
	GlobalSection(ExtensibilityGlobals) = postSolution
		SolutionGuid = {0C166AFA-12EE-4B7E-A2C0-23A3A1B7E028}
	EndGlobalSection
EndGlobal
